
Microsoft Visual Studio Solution File, Format Version 11.00
# Visual C# Express 2010
Project("{FAE04EC0-301F-11D3-BF4B-00C04F79EFBC}") = "14StructAndClass", "14StructAndClass\14StructAndClass.csproj", "{A0DE8F87-26A6-4C5E-BA70-39806E553DF4}"
EndProject
Global
	GlobalSection(SolutionConfigurationPlatforms) = preSolution
		Debug|x86 = Debug|x86
		Release|x86 = Release|x86
	EndGlobalSection
	GlobalSection(ProjectConfigurationPlatforms) = postSolution
		{A0DE8F87-26A6-4C5E-BA70-39806E553DF4}.Debug|x86.ActiveCfg = Debug|x86
		{A0DE8F87-26A6-4C5E-BA70-39806E553DF4}.Debug|x86.Build.0 = Debug|x86
		{A0DE8F87-26A6-4C5E-BA70-39806E553DF4}.Release|x86.ActiveCfg = Release|x86
		{A0DE8F87-26A6-4C5E-BA70-39806E553DF4}.Release|x86.Build.0 = Release|x86
	EndGlobalSection
	GlobalSection(SolutionProperties) = preSolution
		HideSolutionNode = FALSE
	EndGlobalSection
EndGlobal
